{
  "object": {
    "pins": [
      {
        "package": "Socket",
        "repositoryURL": "https://github.com/IBM-Swift/BlueSocket.git",
        "state": {
          "branch": "master",
          "revision": "49cab699e9f151eeb870ab93d14642425e824c19",
          "version": null
        }
      },
      {
        "package": "Files",
        "repositoryURL": "https://github.com/seadiem/Files",
        "state": {
          "branch": "AddDocumentsIOS",
          "revision": "92d3ba9e1b2f9af93af81fbf5e5d26f01ff12675",
          "version": null
        }
      }
    ]
  },
  "version": 1
}
